
Microsoft Visual Studio Solution File, Format Version 12.00
# Visual Studio 15
VisualStudioVersion = 15.0.27004.2005
MinimumVisualStudioVersion = 10.0.40219.1
Project("{FAE04EC0-301F-11D3-BF4B-00C04F79EFBC}") = "FindInteger", "FindInteger\FindInteger.csproj", "{233827FA-AAB5-4E5F-9746-6122FD76FA9A}"
EndProject
Global
	GlobalSection(SolutionConfigurationPlatforms) = preSolution
		Debug|Any CPU = Debug|Any CPU
		Release|Any CPU = Release|Any CPU
	EndGlobalSection
	GlobalSection(ProjectConfigurationPlatforms) = postSolution
		{233827FA-AAB5-4E5F-9746-6122FD76FA9A}.Debug|Any CPU.ActiveCfg = Debug|Any CPU
		{233827FA-AAB5-4E5F-9746-6122FD76FA9A}.Debug|Any CPU.Build.0 = Debug|Any CPU
		{233827FA-AAB5-4E5F-9746-6122FD76FA9A}.Release|Any CPU.ActiveCfg = Release|Any CPU
		{233827FA-AAB5-4E5F-9746-6122FD76FA9A}.Release|Any CPU.Build.0 = Release|Any CPU
	EndGlobalSection
	GlobalSection(SolutionProperties) = preSolution
		HideSolutionNode = FALSE
	EndGlobalSection
	GlobalSection(ExtensibilityGlobals) = postSolution
		SolutionGuid = {7B1525E9-0A13-40DC-BF6A-401927DB0A29}
	EndGlobalSection
EndGlobal
